
Microsoft Visual Studio Solution File, Format Version 12.00
# Visual Studio Version 17
VisualStudioVersion = 17.11.35219.272
MinimumVisualStudioVersion = 10.0.40219.1
Project("{FAE04EC0-301F-11D3-BF4B-00C04F79EFBC}") = "ProyectoFinal", "ProyectoFinal\ProyectoFinal.csproj", "{D61EC4A4-273F-4290-981E-672445A8FAE7}"
EndProject
Global
	GlobalSection(SolutionConfigurationPlatforms) = preSolution
		Debug|Any CPU = Debug|Any CPU
		Release|Any CPU = Release|Any CPU
	EndGlobalSection
	GlobalSection(ProjectConfigurationPlatforms) = postSolution
		{D61EC4A4-273F-4290-981E-672445A8FAE7}.Debug|Any CPU.ActiveCfg = Debug|Any CPU
		{D61EC4A4-273F-4290-981E-672445A8FAE7}.Debug|Any CPU.Build.0 = Debug|Any CPU
		{D61EC4A4-273F-4290-981E-672445A8FAE7}.Release|Any CPU.ActiveCfg = Release|Any CPU
		{D61EC4A4-273F-4290-981E-672445A8FAE7}.Release|Any CPU.Build.0 = Release|Any CPU
	EndGlobalSection
	GlobalSection(SolutionProperties) = preSolution
		HideSolutionNode = FALSE
	EndGlobalSection
	GlobalSection(ExtensibilityGlobals) = postSolution
		SolutionGuid = {36DD5E77-6C6F-4B17-8579-4679F3084848}
	EndGlobalSection
EndGlobal
