
Microsoft Visual Studio Solution File, Format Version 12.00
# Visual Studio Version 17
VisualStudioVersion = 17.11.35222.181
MinimumVisualStudioVersion = 10.0.40219.1
Project("{FAE04EC0-301F-11D3-BF4B-00C04F79EFBC}") = "Proyecto", "Proyecto.csproj", "{4F537FAE-C5D5-46D7-94EE-73521C87013E}"
EndProject
Global
	GlobalSection(SolutionConfigurationPlatforms) = preSolution
		Debug|Any CPU = Debug|Any CPU
		Release|Any CPU = Release|Any CPU
	EndGlobalSection
	GlobalSection(ProjectConfigurationPlatforms) = postSolution
		{4F537FAE-C5D5-46D7-94EE-73521C87013E}.Debug|Any CPU.ActiveCfg = Debug|Any CPU
		{4F537FAE-C5D5-46D7-94EE-73521C87013E}.Debug|Any CPU.Build.0 = Debug|Any CPU
		{4F537FAE-C5D5-46D7-94EE-73521C87013E}.Release|Any CPU.ActiveCfg = Release|Any CPU
		{4F537FAE-C5D5-46D7-94EE-73521C87013E}.Release|Any CPU.Build.0 = Release|Any CPU
	EndGlobalSection
	GlobalSection(SolutionProperties) = preSolution
		HideSolutionNode = FALSE
	EndGlobalSection
	GlobalSection(ExtensibilityGlobals) = postSolution
		SolutionGuid = {770948EB-4B07-46EC-B225-AE2B17E79819}
	EndGlobalSection
EndGlobal
